
Microsoft Visual Studio Solution File, Format Version 12.00
# Visual Studio Version 17
VisualStudioVersion = 17.9.34902.65
MinimumVisualStudioVersion = 10.0.40219.1
Project("{FAE04EC0-301F-11D3-BF4B-00C04F79EFBC}") = "BackEnd", "BackEnd.csproj", "{CBAB586E-9F45-48B9-9C33-FD9C4D35A5B3}"
EndProject
Global
	GlobalSection(SolutionConfigurationPlatforms) = preSolution
		Debug|Any CPU = Debug|Any CPU
		Release|Any CPU = Release|Any CPU
	EndGlobalSection
	GlobalSection(ProjectConfigurationPlatforms) = postSolution
		{CBAB586E-9F45-48B9-9C33-FD9C4D35A5B3}.Debug|Any CPU.ActiveCfg = Debug|Any CPU
		{CBAB586E-9F45-48B9-9C33-FD9C4D35A5B3}.Debug|Any CPU.Build.0 = Debug|Any CPU
		{CBAB586E-9F45-48B9-9C33-FD9C4D35A5B3}.Release|Any CPU.ActiveCfg = Release|Any CPU
		{CBAB586E-9F45-48B9-9C33-FD9C4D35A5B3}.Release|Any CPU.Build.0 = Release|Any CPU
	EndGlobalSection
	GlobalSection(SolutionProperties) = preSolution
		HideSolutionNode = FALSE
	EndGlobalSection
	GlobalSection(ExtensibilityGlobals) = postSolution
		SolutionGuid = {F6F1C96B-70C1-4B1C-8F6D-5B1091C43049}
	EndGlobalSection
EndGlobal
